
Microsoft Visual Studio Solution File, Format Version 12.00
# Visual Studio Version 17
VisualStudioVersion = 17.4.33122.133
MinimumVisualStudioVersion = 10.0.40219.1
Project("{FAE04EC0-301F-11D3-BF4B-00C04F79EFBC}") = "CRUDA", "CRUDA.csproj", "{D761BDEC-F709-48D8-AA42-B7CA13FCCFBB}"
EndProject
Global
	GlobalSection(SolutionConfigurationPlatforms) = preSolution
		Debug|Any CPU = Debug|Any CPU
		Release|Any CPU = Release|Any CPU
	EndGlobalSection
	GlobalSection(ProjectConfigurationPlatforms) = postSolution
		{D761BDEC-F709-48D8-AA42-B7CA13FCCFBB}.Debug|Any CPU.ActiveCfg = Debug|Any CPU
		{D761BDEC-F709-48D8-AA42-B7CA13FCCFBB}.Debug|Any CPU.Build.0 = Debug|Any CPU
		{D761BDEC-F709-48D8-AA42-B7CA13FCCFBB}.Release|Any CPU.ActiveCfg = Release|Any CPU
		{D761BDEC-F709-48D8-AA42-B7CA13FCCFBB}.Release|Any CPU.Build.0 = Release|Any CPU
	EndGlobalSection
	GlobalSection(SolutionProperties) = preSolution
		HideSolutionNode = FALSE
	EndGlobalSection
	GlobalSection(ExtensibilityGlobals) = postSolution
		SolutionGuid = {016B7C82-A827-4332-8158-D3AD7D3E415C}
	EndGlobalSection
EndGlobal
