
Microsoft Visual Studio Solution File, Format Version 12.00
# Visual Studio Version 17
VisualStudioVersion = 17.5.33502.453
MinimumVisualStudioVersion = 10.0.40219.1
Project("{FAE04EC0-301F-11D3-BF4B-00C04F79EFBC}") = "Bloggie.Web", "Bloggie.Web\Bloggie.Web.csproj", "{1A0D003D-F04A-47D5-AE95-1E6B9D9D881B}"
EndProject
Global
	GlobalSection(SolutionConfigurationPlatforms) = preSolution
		Debug|Any CPU = Debug|Any CPU
		Release|Any CPU = Release|Any CPU
	EndGlobalSection
	GlobalSection(ProjectConfigurationPlatforms) = postSolution
		{1A0D003D-F04A-47D5-AE95-1E6B9D9D881B}.Debug|Any CPU.ActiveCfg = Debug|Any CPU
		{1A0D003D-F04A-47D5-AE95-1E6B9D9D881B}.Debug|Any CPU.Build.0 = Debug|Any CPU
		{1A0D003D-F04A-47D5-AE95-1E6B9D9D881B}.Release|Any CPU.ActiveCfg = Release|Any CPU
		{1A0D003D-F04A-47D5-AE95-1E6B9D9D881B}.Release|Any CPU.Build.0 = Release|Any CPU
	EndGlobalSection
	GlobalSection(SolutionProperties) = preSolution
		HideSolutionNode = FALSE
	EndGlobalSection
	GlobalSection(ExtensibilityGlobals) = postSolution
		SolutionGuid = {A67302D2-A84C-48AC-A556-EA102A97FC99}
	EndGlobalSection
EndGlobal
