
Microsoft Visual Studio Solution File, Format Version 12.00
# Visual Studio Version 17
VisualStudioVersion = 17.5.33502.453
MinimumVisualStudioVersion = 10.0.40219.1
Project("{FAE04EC0-301F-11D3-BF4B-00C04F79EFBC}") = "FreelancerMarketplace", "FreelancerMarketplace.csproj", "{CCDE7BBD-0F3F-4493-AE3D-25F0AB479D67}"
EndProject
Global
	GlobalSection(SolutionConfigurationPlatforms) = preSolution
		Debug|Any CPU = Debug|Any CPU
		Release|Any CPU = Release|Any CPU
	EndGlobalSection
	GlobalSection(ProjectConfigurationPlatforms) = postSolution
		{CCDE7BBD-0F3F-4493-AE3D-25F0AB479D67}.Debug|Any CPU.ActiveCfg = Debug|Any CPU
		{CCDE7BBD-0F3F-4493-AE3D-25F0AB479D67}.Debug|Any CPU.Build.0 = Debug|Any CPU
		{CCDE7BBD-0F3F-4493-AE3D-25F0AB479D67}.Release|Any CPU.ActiveCfg = Release|Any CPU
		{CCDE7BBD-0F3F-4493-AE3D-25F0AB479D67}.Release|Any CPU.Build.0 = Release|Any CPU
	EndGlobalSection
	GlobalSection(SolutionProperties) = preSolution
		HideSolutionNode = FALSE
	EndGlobalSection
	GlobalSection(ExtensibilityGlobals) = postSolution
		SolutionGuid = {95079198-4CA5-4CD0-94F8-26E8A56ECEE1}
	EndGlobalSection
EndGlobal
