
Microsoft Visual Studio Solution File, Format Version 12.00
# Visual Studio Version 17
VisualStudioVersion = 17.4.33122.133
MinimumVisualStudioVersion = 10.0.40219.1
Project("{FAE04EC0-301F-11D3-BF4B-00C04F79EFBC}") = "CrystalReport-B-Lab-07", "CrystalReport-B-Lab-07.csproj", "{F18E5F1C-68A1-4498-94E4-952025A95CE1}"
EndProject
Global
	GlobalSection(SolutionConfigurationPlatforms) = preSolution
		Debug|Any CPU = Debug|Any CPU
		Release|Any CPU = Release|Any CPU
	EndGlobalSection
	GlobalSection(ProjectConfigurationPlatforms) = postSolution
		{F18E5F1C-68A1-4498-94E4-952025A95CE1}.Debug|Any CPU.ActiveCfg = Debug|Any CPU
		{F18E5F1C-68A1-4498-94E4-952025A95CE1}.Debug|Any CPU.Build.0 = Debug|Any CPU
		{F18E5F1C-68A1-4498-94E4-952025A95CE1}.Release|Any CPU.ActiveCfg = Release|Any CPU
		{F18E5F1C-68A1-4498-94E4-952025A95CE1}.Release|Any CPU.Build.0 = Release|Any CPU
	EndGlobalSection
	GlobalSection(SolutionProperties) = preSolution
		HideSolutionNode = FALSE
	EndGlobalSection
	GlobalSection(ExtensibilityGlobals) = postSolution
		SolutionGuid = {7C1DD320-3CBF-4C64-8B02-20356D7CB6A6}
	EndGlobalSection
EndGlobal
