
Microsoft Visual Studio Solution File, Format Version 12.00
# Visual Studio Version 17
VisualStudioVersion = 17.5.33502.453
MinimumVisualStudioVersion = 10.0.40219.1
Project("{FAE04EC0-301F-11D3-BF4B-00C04F79EFBC}") = "CRUDPractice4", "CRUDPractice4.csproj", "{FA7BFEF0-6E95-43BF-82B7-0D52FAA85885}"
EndProject
Global
	GlobalSection(SolutionConfigurationPlatforms) = preSolution
		Debug|Any CPU = Debug|Any CPU
		Release|Any CPU = Release|Any CPU
	EndGlobalSection
	GlobalSection(ProjectConfigurationPlatforms) = postSolution
		{FA7BFEF0-6E95-43BF-82B7-0D52FAA85885}.Debug|Any CPU.ActiveCfg = Debug|Any CPU
		{FA7BFEF0-6E95-43BF-82B7-0D52FAA85885}.Debug|Any CPU.Build.0 = Debug|Any CPU
		{FA7BFEF0-6E95-43BF-82B7-0D52FAA85885}.Release|Any CPU.ActiveCfg = Release|Any CPU
		{FA7BFEF0-6E95-43BF-82B7-0D52FAA85885}.Release|Any CPU.Build.0 = Release|Any CPU
	EndGlobalSection
	GlobalSection(SolutionProperties) = preSolution
		HideSolutionNode = FALSE
	EndGlobalSection
	GlobalSection(ExtensibilityGlobals) = postSolution
		SolutionGuid = {E37604A0-C5F4-4A1F-BBFC-DF4B27E679E5}
	EndGlobalSection
EndGlobal
